
Microsoft Visual Studio Solution File, Format Version 12.00
# Visual Studio Version 17
VisualStudioVersion = 17.12.35424.110
MinimumVisualStudioVersion = 10.0.40219.1
Project("{FAE04EC0-301F-11D3-BF4B-00C04F79EFBC}") = "RepoDb", "src\RepoDb\RepoDb.csproj", "{7A41ED9C-F1C7-D104-23D7-F2548AC9A8E7}"
EndProject
Project("{FAE04EC0-301F-11D3-BF4B-00C04F79EFBC}") = "RepoDb.MySql", "src\RepoDb.MySql\RepoDb.MySql.csproj", "{C7411E17-3D53-BE06-8ED3-7FB064267C4D}"
EndProject
Project("{FAE04EC0-301F-11D3-BF4B-00C04F79EFBC}") = "RepoDb.MySqlConnector", "src\RepoDb.MySqlConnector\RepoDb.MySqlConnector.csproj", "{F80B3DCD-B0A5-2CF4-6B4D-83F4C03EAEFF}"
EndProject
Project("{FAE04EC0-301F-11D3-BF4B-00C04F79EFBC}") = "RepoDb.PostgreSql", "src\RepoDb.PostgreSql\RepoDb.PostgreSql.csproj", "{D8E43AD3-F417-61DA-935D-2BEC328D3843}"
EndProject
Project("{FAE04EC0-301F-11D3-BF4B-00C04F79EFBC}") = "RepoDb.Sqlite.Microsoft", "src\RepoDb.Sqlite.Microsoft\RepoDb.Sqlite.Microsoft.csproj", "{EC431459-E132-5F78-9275-825C80066F02}"
EndProject
Project("{FAE04EC0-301F-11D3-BF4B-00C04F79EFBC}") = "RepoDb.SQLite.System", "src\RepoDb.SQLite.System\RepoDb.SQLite.System.csproj", "{83EED04F-621A-B94F-9B52-4DA4A1CFA39E}"
EndProject
Project("{2150E333-8FDC-42A3-9474-1A3956D46DE8}") = "Source", "Source", "{02EA681E-C7D8-13C7-8484-4AC65E1B71E8}"
EndProject
Project("{2150E333-8FDC-42A3-9474-1A3956D46DE8}") = "Tests", "Tests", "{A4765CB7-62F6-4588-A43E-DE2C58DBEDD6}"
EndProject
Project("{FAE04EC0-301F-11D3-BF4B-00C04F79EFBC}") = "RepoDb.Benchmarks.PostgreSql", "src\RepoDb.Benchmarks.PostgreSql\RepoDb.Benchmarks.PostgreSql.csproj", "{01A97132-82D7-A9C1-C22C-110E51779A98}"
EndProject
Project("{2150E333-8FDC-42A3-9474-1A3956D46DE8}") = "Z-Benchmarks", "Z-Benchmarks", "{9B27EE60-D771-407C-BABF-C0690ECF92B5}"
EndProject
Project("{FAE04EC0-301F-11D3-BF4B-00C04F79EFBC}") = "RepoDb.Core.IntegrationTests", "src\RepoDb.Core.IntegrationTests\RepoDb.Core.IntegrationTests.csproj", "{2ED60BC4-5B84-F18B-4D5B-2553E9413EF6}"
EndProject
Project("{FAE04EC0-301F-11D3-BF4B-00C04F79EFBC}") = "RepoDb.Core.UnitTests", "src\RepoDb.Core.UnitTests\RepoDb.Core.UnitTests.csproj", "{0DC86B11-7FE7-45CB-0831-736032015ED2}"
EndProject
Project("{FAE04EC0-301F-11D3-BF4B-00C04F79EFBC}") = "RepoDb.MySql.IntegrationTests", "src\RepoDb.MySql.IntegrationTests\RepoDb.MySql.IntegrationTests.csproj", "{ED17BC9C-85B1-7C8C-56C1-0FFBB75E3B00}"
EndProject
Project("{FAE04EC0-301F-11D3-BF4B-00C04F79EFBC}") = "RepoDb.MySql.UnitTests", "src\RepoDb.MySql.UnitTests\RepoDb.MySql.UnitTests.csproj", "{1A47FD16-1329-989D-E79E-620D705EB3F3}"
EndProject
Project("{FAE04EC0-301F-11D3-BF4B-00C04F79EFBC}") = "RepoDb.MySqlConnector.IntegrationTests", "src\RepoDb.MySqlConnector.IntegrationTests\RepoDb.MySqlConnector.IntegrationTests.csproj", "{525716A2-75E3-73D7-81EE-2D6908515D30}"
EndProject
Project("{FAE04EC0-301F-11D3-BF4B-00C04F79EFBC}") = "RepoDb.MySqlConnector.UnitTests", "src\RepoDb.MySqlConnector.UnitTests\RepoDb.MySqlConnector.UnitTests.csproj", "{938BF1E1-0CB2-1612-A6B5-E662914AE98D}"
EndProject
Project("{FAE04EC0-301F-11D3-BF4B-00C04F79EFBC}") = "RepoDb.PostgreSql.BulkOperations.IntegrationTests", "src\RepoDb.PostgreSql.BulkOperations.IntegrationTests\RepoDb.PostgreSql.BulkOperations.IntegrationTests.csproj", "{F55739A9-A9C4-357A-6191-CFC7DAE62157}"
EndProject
Project("{FAE04EC0-301F-11D3-BF4B-00C04F79EFBC}") = "RepoDb.PostgreSql.IntegrationTests", "src\RepoDb.PostgreSql.IntegrationTests\RepoDb.PostgreSql.IntegrationTests.csproj", "{57E9766E-F37B-4BD1-7E5A-D8C27CC35225}"
EndProject
Project("{FAE04EC0-301F-11D3-BF4B-00C04F79EFBC}") = "RepoDb.PostgreSql.UnitTests", "src\RepoDb.PostgreSql.UnitTests\RepoDb.PostgreSql.UnitTests.csproj", "{E30C88A1-EE90-B016-6334-B798323282E6}"
EndProject
Project("{FAE04EC0-301F-11D3-BF4B-00C04F79EFBC}") = "RepoDb.Sqlite.Microsoft.IntegrationTests", "src\RepoDb.Sqlite.Microsoft.IntegrationTests\RepoDb.Sqlite.Microsoft.IntegrationTests.csproj", "{BF613C83-CBAD-484F-2A40-30D29A305C62}"
EndProject
Project("{FAE04EC0-301F-11D3-BF4B-00C04F79EFBC}") = "RepoDb.Sqlite.Microsoft.UnitTests", "src\RepoDb.Sqlite.Microsoft.UnitTests\RepoDb.Sqlite.Microsoft.UnitTests.csproj", "{438A5929-FD40-2CD0-2408-042082DAED51}"
EndProject
Project("{FAE04EC0-301F-11D3-BF4B-00C04F79EFBC}") = "RepoDb.SQLite.System.IntegrationTests", "src\RepoDb.SQLite.System.IntegrationTests\RepoDb.SQLite.System.IntegrationTests.csproj", "{3E661DA8-5C86-F6B8-61D9-69F09CCD91DA}"
EndProject
Project("{FAE04EC0-301F-11D3-BF4B-00C04F79EFBC}") = "RepoDb.SQLite.System.UnitTests", "src\RepoDb.SQLite.System.UnitTests\RepoDb.SQLite.System.UnitTests.csproj", "{79234BBB-F801-23B1-D47A-085171FF46F0}"
EndProject
Project("{FAE04EC0-301F-11D3-BF4B-00C04F79EFBC}") = "RepoDb.SqlServer.BulkOperations.IntegrationTests", "src\RepoDb.SqlServer.BulkOperations.IntegrationTests\RepoDb.SqlServer.BulkOperations.IntegrationTests.csproj", "{6B38AC5F-8AFE-74BC-15C6-55A036AC21F0}"
EndProject
Project("{FAE04EC0-301F-11D3-BF4B-00C04F79EFBC}") = "RepoDb.SqlServer.IntegrationTests", "src\RepoDb.SqlServer.IntegrationTests\RepoDb.SqlServer.IntegrationTests.csproj", "{AA2243E5-DE75-8FDF-0845-4D9F0ACEA632}"
EndProject
Project("{FAE04EC0-301F-11D3-BF4B-00C04F79EFBC}") = "RepoDb.SqlServer.UnitTests", "src\RepoDb.SqlServer.UnitTests\RepoDb.SqlServer.UnitTests.csproj", "{43D3147E-4AB4-548A-337D-8DF97D08DC4D}"
EndProject
Project("{FAE04EC0-301F-11D3-BF4B-00C04F79EFBC}") = "RepoDb.PostgreSql.BulkOperations", "src\RepoDb.PostgreSql.BulkOperations\RepoDb.PostgreSql.BulkOperations.csproj", "{F179A178-264C-146C-32A9-13C455341DF4}"
EndProject
Project("{FAE04EC0-301F-11D3-BF4B-00C04F79EFBC}") = "RepoDb.SqlServer.BulkOperations", "src\RepoDb.SqlServer.BulkOperations\RepoDb.SqlServer.BulkOperations.csproj", "{2AA37AB5-E623-B444-6547-1711D042434A}"
EndProject
Project("{FAE04EC0-301F-11D3-BF4B-00C04F79EFBC}") = "RepoDb.SqlServer", "src\RepoDb.SqlServer\RepoDb.SqlServer.csproj", "{AFBFA733-E4BE-5CB1-89E2-B147D37697CE}"
EndProject
Project("{FAE04EC0-301F-11D3-BF4B-00C04F79EFBC}") = "RepoDb.TestCore", "src\RepoDb.TestCore\RepoDb.TestCore.csproj", "{75A883C2-7E1A-05EC-4D02-E2502EC17D64}"
EndProject
Project("{2150E333-8FDC-42A3-9474-1A3956D46DE8}") = "Z-DirectoryFiles", "Z-DirectoryFiles", "{8C9AFA86-5DF5-49D9-821B-6D3CA3615058}"
EndProject
Project("{FAE04EC0-301F-11D3-BF4B-00C04F79EFBC}") = "RepoDb.Analyzer", "src\RepoDb.Analyzer\RepoDb.Analyzer.csproj", "{9DEDD6AF-53A2-4E32-AECF-0599F15AC495}"
EndProject
Global
	GlobalSection(SolutionConfigurationPlatforms) = preSolution
		Debug|Any CPU = Debug|Any CPU
		Release|Any CPU = Release|Any CPU
	EndGlobalSection
	GlobalSection(ProjectConfigurationPlatforms) = postSolution
		{7A41ED9C-F1C7-D104-23D7-F2548AC9A8E7}.Debug|Any CPU.ActiveCfg = Debug|Any CPU
		{7A41ED9C-F1C7-D104-23D7-F2548AC9A8E7}.Debug|Any CPU.Build.0 = Debug|Any CPU
		{7A41ED9C-F1C7-D104-23D7-F2548AC9A8E7}.Release|Any CPU.ActiveCfg = Release|Any CPU
		{7A41ED9C-F1C7-D104-23D7-F2548AC9A8E7}.Release|Any CPU.Build.0 = Release|Any CPU
		{C7411E17-3D53-BE06-8ED3-7FB064267C4D}.Debug|Any CPU.ActiveCfg = Debug|Any CPU
		{C7411E17-3D53-BE06-8ED3-7FB064267C4D}.Debug|Any CPU.Build.0 = Debug|Any CPU
		{C7411E17-3D53-BE06-8ED3-7FB064267C4D}.Release|Any CPU.ActiveCfg = Release|Any CPU
		{C7411E17-3D53-BE06-8ED3-7FB064267C4D}.Release|Any CPU.Build.0 = Release|Any CPU
		{F80B3DCD-B0A5-2CF4-6B4D-83F4C03EAEFF}.Debug|Any CPU.ActiveCfg = Debug|Any CPU
		{F80B3DCD-B0A5-2CF4-6B4D-83F4C03EAEFF}.Debug|Any CPU.Build.0 = Debug|Any CPU
		{F80B3DCD-B0A5-2CF4-6B4D-83F4C03EAEFF}.Release|Any CPU.ActiveCfg = Release|Any CPU
		{F80B3DCD-B0A5-2CF4-6B4D-83F4C03EAEFF}.Release|Any CPU.Build.0 = Release|Any CPU
		{D8E43AD3-F417-61DA-935D-2BEC328D3843}.Debug|Any CPU.ActiveCfg = Debug|Any CPU
		{D8E43AD3-F417-61DA-935D-2BEC328D3843}.Debug|Any CPU.Build.0 = Debug|Any CPU
		{D8E43AD3-F417-61DA-935D-2BEC328D3843}.Release|Any CPU.ActiveCfg = Release|Any CPU
		{D8E43AD3-F417-61DA-935D-2BEC328D3843}.Release|Any CPU.Build.0 = Release|Any CPU
		{EC431459-E132-5F78-9275-825C80066F02}.Debug|Any CPU.ActiveCfg = Debug|Any CPU
		{EC431459-E132-5F78-9275-825C80066F02}.Debug|Any CPU.Build.0 = Debug|Any CPU
		{EC431459-E132-5F78-9275-825C80066F02}.Release|Any CPU.ActiveCfg = Release|Any CPU
		{EC431459-E132-5F78-9275-825C80066F02}.Release|Any CPU.Build.0 = Release|Any CPU
		{83EED04F-621A-B94F-9B52-4DA4A1CFA39E}.Debug|Any CPU.ActiveCfg = Debug|Any CPU
		{83EED04F-621A-B94F-9B52-4DA4A1CFA39E}.Debug|Any CPU.Build.0 = Debug|Any CPU
		{83EED04F-621A-B94F-9B52-4DA4A1CFA39E}.Release|Any CPU.ActiveCfg = Release|Any CPU
		{83EED04F-621A-B94F-9B52-4DA4A1CFA39E}.Release|Any CPU.Build.0 = Release|Any CPU
		{01A97132-82D7-A9C1-C22C-110E51779A98}.Debug|Any CPU.ActiveCfg = Debug|Any CPU
		{01A97132-82D7-A9C1-C22C-110E51779A98}.Debug|Any CPU.Build.0 = Debug|Any CPU
		{01A97132-82D7-A9C1-C22C-110E51779A98}.Release|Any CPU.ActiveCfg = Release|Any CPU
		{01A97132-82D7-A9C1-C22C-110E51779A98}.Release|Any CPU.Build.0 = Release|Any CPU
		{2ED60BC4-5B84-F18B-4D5B-2553E9413EF6}.Debug|Any CPU.ActiveCfg = Debug|Any CPU
		{2ED60BC4-5B84-F18B-4D5B-2553E9413EF6}.Debug|Any CPU.Build.0 = Debug|Any CPU
		{2ED60BC4-5B84-F18B-4D5B-2553E9413EF6}.Release|Any CPU.ActiveCfg = Release|Any CPU
		{2ED60BC4-5B84-F18B-4D5B-2553E9413EF6}.Release|Any CPU.Build.0 = Release|Any CPU
		{0DC86B11-7FE7-45CB-0831-736032015ED2}.Debug|Any CPU.ActiveCfg = Debug|Any CPU
		{0DC86B11-7FE7-45CB-0831-736032015ED2}.Debug|Any CPU.Build.0 = Debug|Any CPU
		{0DC86B11-7FE7-45CB-0831-736032015ED2}.Release|Any CPU.ActiveCfg = Release|Any CPU
		{0DC86B11-7FE7-45CB-0831-736032015ED2}.Release|Any CPU.Build.0 = Release|Any CPU
		{ED17BC9C-85B1-7C8C-56C1-0FFBB75E3B00}.Debug|Any CPU.ActiveCfg = Debug|Any CPU
		{ED17BC9C-85B1-7C8C-56C1-0FFBB75E3B00}.Debug|Any CPU.Build.0 = Debug|Any CPU
		{ED17BC9C-85B1-7C8C-56C1-0FFBB75E3B00}.Release|Any CPU.ActiveCfg = Release|Any CPU
		{ED17BC9C-85B1-7C8C-56C1-0FFBB75E3B00}.Release|Any CPU.Build.0 = Release|Any CPU
		{1A47FD16-1329-989D-E79E-620D705EB3F3}.Debug|Any CPU.ActiveCfg = Debug|Any CPU
		{1A47FD16-1329-989D-E79E-620D705EB3F3}.Debug|Any CPU.Build.0 = Debug|Any CPU
		{1A47FD16-1329-989D-E79E-620D705EB3F3}.Release|Any CPU.ActiveCfg = Release|Any CPU
		{1A47FD16-1329-989D-E79E-620D705EB3F3}.Release|Any CPU.Build.0 = Release|Any CPU
		{525716A2-75E3-73D7-81EE-2D6908515D30}.Debug|Any CPU.ActiveCfg = Debug|Any CPU
		{525716A2-75E3-73D7-81EE-2D6908515D30}.Debug|Any CPU.Build.0 = Debug|Any CPU
		{525716A2-75E3-73D7-81EE-2D6908515D30}.Release|Any CPU.ActiveCfg = Release|Any CPU
		{525716A2-75E3-73D7-81EE-2D6908515D30}.Release|Any CPU.Build.0 = Release|Any CPU
		{938BF1E1-0CB2-1612-A6B5-E662914AE98D}.Debug|Any CPU.ActiveCfg = Debug|Any CPU
		{938BF1E1-0CB2-1612-A6B5-E662914AE98D}.Debug|Any CPU.Build.0 = Debug|Any CPU
		{938BF1E1-0CB2-1612-A6B5-E662914AE98D}.Release|Any CPU.ActiveCfg = Release|Any CPU
		{938BF1E1-0CB2-1612-A6B5-E662914AE98D}.Release|Any CPU.Build.0 = Release|Any CPU
		{F55739A9-A9C4-357A-6191-CFC7DAE62157}.Debug|Any CPU.ActiveCfg = Debug|Any CPU
		{F55739A9-A9C4-357A-6191-CFC7DAE62157}.Debug|Any CPU.Build.0 = Debug|Any CPU
		{F55739A9-A9C4-357A-6191-CFC7DAE62157}.Release|Any CPU.ActiveCfg = Release|Any CPU
		{F55739A9-A9C4-357A-6191-CFC7DAE62157}.Release|Any CPU.Build.0 = Release|Any CPU
		{57E9766E-F37B-4BD1-7E5A-D8C27CC35225}.Debug|Any CPU.ActiveCfg = Debug|Any CPU
		{57E9766E-F37B-4BD1-7E5A-D8C27CC35225}.Debug|Any CPU.Build.0 = Debug|Any CPU
		{57E9766E-F37B-4BD1-7E5A-D8C27CC35225}.Release|Any CPU.ActiveCfg = Release|Any CPU
		{57E9766E-F37B-4BD1-7E5A-D8C27CC35225}.Release|Any CPU.Build.0 = Release|Any CPU
		{E30C88A1-EE90-B016-6334-B798323282E6}.Debug|Any CPU.ActiveCfg = Debug|Any CPU
		{E30C88A1-EE90-B016-6334-B798323282E6}.Debug|Any CPU.Build.0 = Debug|Any CPU
		{E30C88A1-EE90-B016-6334-B798323282E6}.Release|Any CPU.ActiveCfg = Release|Any CPU
		{E30C88A1-EE90-B016-6334-B798323282E6}.Release|Any CPU.Build.0 = Release|Any CPU
		{BF613C83-CBAD-484F-2A40-30D29A305C62}.Debug|Any CPU.ActiveCfg = Debug|Any CPU
		{BF613C83-CBAD-484F-2A40-30D29A305C62}.Debug|Any CPU.Build.0 = Debug|Any CPU
		{BF613C83-CBAD-484F-2A40-30D29A305C62}.Release|Any CPU.ActiveCfg = Release|Any CPU
		{BF613C83-CBAD-484F-2A40-30D29A305C62}.Release|Any CPU.Build.0 = Release|Any CPU
		{438A5929-FD40-2CD0-2408-042082DAED51}.Debug|Any CPU.ActiveCfg = Debug|Any CPU
		{438A5929-FD40-2CD0-2408-042082DAED51}.Debug|Any CPU.Build.0 = Debug|Any CPU
		{438A5929-FD40-2CD0-2408-042082DAED51}.Release|Any CPU.ActiveCfg = Release|Any CPU
		{438A5929-FD40-2CD0-2408-042082DAED51}.Release|Any CPU.Build.0 = Release|Any CPU
		{3E661DA8-5C86-F6B8-61D9-69F09CCD91DA}.Debug|Any CPU.ActiveCfg = Debug|Any CPU
		{3E661DA8-5C86-F6B8-61D9-69F09CCD91DA}.Debug|Any CPU.Build.0 = Debug|Any CPU
		{3E661DA8-5C86-F6B8-61D9-69F09CCD91DA}.Release|Any CPU.ActiveCfg = Release|Any CPU
		{3E661DA8-5C86-F6B8-61D9-69F09CCD91DA}.Release|Any CPU.Build.0 = Release|Any CPU
		{79234BBB-F801-23B1-D47A-085171FF46F0}.Debug|Any CPU.ActiveCfg = Debug|Any CPU
		{79234BBB-F801-23B1-D47A-085171FF46F0}.Debug|Any CPU.Build.0 = Debug|Any CPU
		{79234BBB-F801-23B1-D47A-085171FF46F0}.Release|Any CPU.ActiveCfg = Release|Any CPU
		{79234BBB-F801-23B1-D47A-085171FF46F0}.Release|Any CPU.Build.0 = Release|Any CPU
		{6B38AC5F-8AFE-74BC-15C6-55A036AC21F0}.Debug|Any CPU.ActiveCfg = Debug|Any CPU
		{6B38AC5F-8AFE-74BC-15C6-55A036AC21F0}.Debug|Any CPU.Build.0 = Debug|Any CPU
		{6B38AC5F-8AFE-74BC-15C6-55A036AC21F0}.Release|Any CPU.ActiveCfg = Release|Any CPU
		{6B38AC5F-8AFE-74BC-15C6-55A036AC21F0}.Release|Any CPU.Build.0 = Release|Any CPU
		{AA2243E5-DE75-8FDF-0845-4D9F0ACEA632}.Debug|Any CPU.ActiveCfg = Debug|Any CPU
		{AA2243E5-DE75-8FDF-0845-4D9F0ACEA632}.Debug|Any CPU.Build.0 = Debug|Any CPU
		{AA2243E5-DE75-8FDF-0845-4D9F0ACEA632}.Release|Any CPU.ActiveCfg = Release|Any CPU
		{AA2243E5-DE75-8FDF-0845-4D9F0ACEA632}.Release|Any CPU.Build.0 = Release|Any CPU
		{43D3147E-4AB4-548A-337D-8DF97D08DC4D}.Debug|Any CPU.ActiveCfg = Debug|Any CPU
		{43D3147E-4AB4-548A-337D-8DF97D08DC4D}.Debug|Any CPU.Build.0 = Debug|Any CPU
		{43D3147E-4AB4-548A-337D-8DF97D08DC4D}.Release|Any CPU.ActiveCfg = Release|Any CPU
		{43D3147E-4AB4-548A-337D-8DF97D08DC4D}.Release|Any CPU.Build.0 = Release|Any CPU
		{F179A178-264C-146C-32A9-13C455341DF4}.Debug|Any CPU.ActiveCfg = Debug|Any CPU
		{F179A178-264C-146C-32A9-13C455341DF4}.Debug|Any CPU.Build.0 = Debug|Any CPU
		{F179A178-264C-146C-32A9-13C455341DF4}.Release|Any CPU.ActiveCfg = Release|Any CPU
		{F179A178-264C-146C-32A9-13C455341DF4}.Release|Any CPU.Build.0 = Release|Any CPU
		{2AA37AB5-E623-B444-6547-1711D042434A}.Debug|Any CPU.ActiveCfg = Debug|Any CPU
		{2AA37AB5-E623-B444-6547-1711D042434A}.Debug|Any CPU.Build.0 = Debug|Any CPU
		{2AA37AB5-E623-B444-6547-1711D042434A}.Release|Any CPU.ActiveCfg = Release|Any CPU
		{2AA37AB5-E623-B444-6547-1711D042434A}.Release|Any CPU.Build.0 = Release|Any CPU
		{AFBFA733-E4BE-5CB1-89E2-B147D37697CE}.Debug|Any CPU.ActiveCfg = Debug|Any CPU
		{AFBFA733-E4BE-5CB1-89E2-B147D37697CE}.Debug|Any CPU.Build.0 = Debug|Any CPU
		{AFBFA733-E4BE-5CB1-89E2-B147D37697CE}.Release|Any CPU.ActiveCfg = Release|Any CPU
		{AFBFA733-E4BE-5CB1-89E2-B147D37697CE}.Release|Any CPU.Build.0 = Release|Any CPU
		{75A883C2-7E1A-05EC-4D02-E2502EC17D64}.Debug|Any CPU.ActiveCfg = Debug|Any CPU
		{75A883C2-7E1A-05EC-4D02-E2502EC17D64}.Debug|Any CPU.Build.0 = Debug|Any CPU
		{75A883C2-7E1A-05EC-4D02-E2502EC17D64}.Release|Any CPU.ActiveCfg = Release|Any CPU
		{75A883C2-7E1A-05EC-4D02-E2502EC17D64}.Release|Any CPU.Build.0 = Release|Any CPU
		{9DEDD6AF-53A2-4E32-AECF-0599F15AC495}.Debug|Any CPU.ActiveCfg = Debug|Any CPU
		{9DEDD6AF-53A2-4E32-AECF-0599F15AC495}.Debug|Any CPU.Build.0 = Debug|Any CPU
		{9DEDD6AF-53A2-4E32-AECF-0599F15AC495}.Release|Any CPU.ActiveCfg = Release|Any CPU
		{9DEDD6AF-53A2-4E32-AECF-0599F15AC495}.Release|Any CPU.Build.0 = Release|Any CPU
	EndGlobalSection
	GlobalSection(SolutionProperties) = preSolution
		HideSolutionNode = FALSE
	EndGlobalSection
	GlobalSection(NestedProjects) = preSolution
		{7A41ED9C-F1C7-D104-23D7-F2548AC9A8E7} = {02EA681E-C7D8-13C7-8484-4AC65E1B71E8}
		{C7411E17-3D53-BE06-8ED3-7FB064267C4D} = {02EA681E-C7D8-13C7-8484-4AC65E1B71E8}
		{F80B3DCD-B0A5-2CF4-6B4D-83F4C03EAEFF} = {02EA681E-C7D8-13C7-8484-4AC65E1B71E8}
		{D8E43AD3-F417-61DA-935D-2BEC328D3843} = {02EA681E-C7D8-13C7-8484-4AC65E1B71E8}
		{EC431459-E132-5F78-9275-825C80066F02} = {02EA681E-C7D8-13C7-8484-4AC65E1B71E8}
		{83EED04F-621A-B94F-9B52-4DA4A1CFA39E} = {02EA681E-C7D8-13C7-8484-4AC65E1B71E8}
		{01A97132-82D7-A9C1-C22C-110E51779A98} = {9B27EE60-D771-407C-BABF-C0690ECF92B5}
		{2ED60BC4-5B84-F18B-4D5B-2553E9413EF6} = {A4765CB7-62F6-4588-A43E-DE2C58DBEDD6}
		{0DC86B11-7FE7-45CB-0831-736032015ED2} = {A4765CB7-62F6-4588-A43E-DE2C58DBEDD6}
		{ED17BC9C-85B1-7C8C-56C1-0FFBB75E3B00} = {A4765CB7-62F6-4588-A43E-DE2C58DBEDD6}
		{1A47FD16-1329-989D-E79E-620D705EB3F3} = {A4765CB7-62F6-4588-A43E-DE2C58DBEDD6}
		{525716A2-75E3-73D7-81EE-2D6908515D30} = {A4765CB7-62F6-4588-A43E-DE2C58DBEDD6}
		{938BF1E1-0CB2-1612-A6B5-E662914AE98D} = {A4765CB7-62F6-4588-A43E-DE2C58DBEDD6}
		{F55739A9-A9C4-357A-6191-CFC7DAE62157} = {A4765CB7-62F6-4588-A43E-DE2C58DBEDD6}
		{57E9766E-F37B-4BD1-7E5A-D8C27CC35225} = {A4765CB7-62F6-4588-A43E-DE2C58DBEDD6}
		{E30C88A1-EE90-B016-6334-B798323282E6} = {A4765CB7-62F6-4588-A43E-DE2C58DBEDD6}
		{BF613C83-CBAD-484F-2A40-30D29A305C62} = {A4765CB7-62F6-4588-A43E-DE2C58DBEDD6}
		{438A5929-FD40-2CD0-2408-042082DAED51} = {A4765CB7-62F6-4588-A43E-DE2C58DBEDD6}
		{3E661DA8-5C86-F6B8-61D9-69F09CCD91DA} = {A4765CB7-62F6-4588-A43E-DE2C58DBEDD6}
		{79234BBB-F801-23B1-D47A-085171FF46F0} = {A4765CB7-62F6-4588-A43E-DE2C58DBEDD6}
		{6B38AC5F-8AFE-74BC-15C6-55A036AC21F0} = {A4765CB7-62F6-4588-A43E-DE2C58DBEDD6}
		{AA2243E5-DE75-8FDF-0845-4D9F0ACEA632} = {A4765CB7-62F6-4588-A43E-DE2C58DBEDD6}
		{43D3147E-4AB4-548A-337D-8DF97D08DC4D} = {A4765CB7-62F6-4588-A43E-DE2C58DBEDD6}
		{F179A178-264C-146C-32A9-13C455341DF4} = {02EA681E-C7D8-13C7-8484-4AC65E1B71E8}
		{2AA37AB5-E623-B444-6547-1711D042434A} = {02EA681E-C7D8-13C7-8484-4AC65E1B71E8}
		{AFBFA733-E4BE-5CB1-89E2-B147D37697CE} = {02EA681E-C7D8-13C7-8484-4AC65E1B71E8}
		{75A883C2-7E1A-05EC-4D02-E2502EC17D64} = {A4765CB7-62F6-4588-A43E-DE2C58DBEDD6}
		{9DEDD6AF-53A2-4E32-AECF-0599F15AC495} = {02EA681E-C7D8-13C7-8484-4AC65E1B71E8}
	EndGlobalSection
	GlobalSection(ExtensibilityGlobals) = postSolution
		SolutionGuid = {D15A7161-5524-45B7-A22A-EA6C877AA840}
	EndGlobalSection
EndGlobal
